# THIS IS AN AUTOGENERATED FILE. DO NOT EDIT THIS FILE DIRECTLY.
# yarn lockfile v1


"@types/timezone-js@^0.0.31":
  version "0.0.31"
  resolved "https://registry.yarnpkg.com/@types/timezone-js/-/timezone-js-0.0.31.tgz#44c609688ed330cdacbde722483a8b1a8cc109af"
  integrity sha512-4jralF+7CgSheIvajPnkIaGaYWNRVVLXf8y+aYVlawOA14+FGvl6H0G8efI2N2yMXcZ1QcKLUyak0CpiAVXqgQ==

"@types/tz-lookup@^6.1.0":
  version "6.1.0"
  resolved "https://registry.yarnpkg.com/@types/tz-lookup/-/tz-lookup-6.1.0.tgz#9d3982eb2f0531aa3b600a222622c6b743adc71b"
  integrity sha512-e+TvKH1exSsa4eM/C/BODjvSwc6pdxjPlMe/jiO3eYSRtHl4B/tPPRhEXYfEfGTQb1/l6/ubkY8JHe+Kgld3ag==

geolib@^3.3.4:
  version "3.3.4"
  resolved "https://registry.yarnpkg.com/geolib/-/geolib-3.3.4.tgz#09883ba2fdab84d2764cf3615dbafb9bce3c54d0"
  integrity sha512-EicrlLLL3S42gE9/wde+11uiaYAaeSVDwCUIv2uMIoRBfNJCn8EsSI+6nS3r4TCKDO6+RQNM9ayLq2at+oZQWQ==

timezone-js@^0.4.13:
  version "0.4.13"
  resolved "https://registry.yarnpkg.com/timezone-js/-/timezone-js-0.4.13.tgz#4fd09d951007d524db00dadb75fa5b59f9d2cbac"
  integrity sha512-DEpVFNWDqXh3Ljro8XIY3IzC8FbdfVF/Xme4IheEokDNmy6mncBinXk32Ul1dqOlKwMEvG0t4tcgKI7+SXD+JA==

tz-lookup@^6.1.25:
  version "6.1.25"
  resolved "https://registry.yarnpkg.com/tz-lookup/-/tz-lookup-6.1.25.tgz#34d68a7e1ccfcb51f29a9893d2d48e4118d873cd"
  integrity sha512-fFewT9o1uDzsW1QnUU1ValqaihFnwiUiiHr1S79/fxOzKXYYvX+EHeRnpvQJ9B3Qg67wPXT6QF2Esc4pFOrvLg==
